{
  "requires": true,
  "lockfileVersion": 1,
  "dependencies": {
    "ar.js": {
      "version": "2.0.8",
      "resolved": "https://registry.npmjs.org/ar.js/-/ar.js-2.0.8.tgz",
      "integrity": "sha512-d1JBZbWaIj7W4Isrb3oo9+7PiZiR4/jUHlW3qG8v27gRolEEmeqFz44blHfKFs4I9oX+X+NWSKYHAJyO+Y203g=="
    }
  }
}
